
Microsoft Visual Studio Solution File, Format Version 12.00
# Visual Studio 15
VisualStudioVersion = 15.0.28307.539
MinimumVisualStudioVersion = 10.0.40219.1
Project("{9A19103F-16F7-4668-BE54-9A1E7A4F7556}") = "OSKillerApp_Joost", "OSKillerApp_Joost\OSKillerApp_Joost.csproj", "{9B5B894A-E54E-4D34-95C3-69758C311582}"
EndProject
Project("{9A19103F-16F7-4668-BE54-9A1E7A4F7556}") = "Models", "Models\Models.csproj", "{2215B027-DF95-4751-BD32-2B7F15FE540F}"
EndProject
Project("{9A19103F-16F7-4668-BE54-9A1E7A4F7556}") = "Logic", "Logic\Logic.csproj", "{27128F61-D7D2-4EB8-95EA-2879F85F3BF4}"
EndProject
Project("{9A19103F-16F7-4668-BE54-9A1E7A4F7556}") = "Data", "Data\Data.csproj", "{AFE2964C-80CF-4DFF-A7A3-F4D2DAB47B5D}"
EndProject
Project("{9A19103F-16F7-4668-BE54-9A1E7A4F7556}") = "Data.Interfaces", "Data.Interfaces\Data.Interfaces.csproj", "{100EBD37-B6CE-4688-BE8E-6A0B93E01488}"
EndProject
Project("{2150E333-8FDC-42A3-9474-1A3956D46DE8}") = "Tests", "Tests", "{3697C3D0-10BC-4181-849C-E7131B96B58C}"
EndProject
Project("{9A19103F-16F7-4668-BE54-9A1E7A4F7556}") = "TestLogic", "TestLogic\TestLogic.csproj", "{AE08B9E2-4FB9-4E05-8A53-88746B3B7BE4}"
EndProject
Project("{9A19103F-16F7-4668-BE54-9A1E7A4F7556}") = "Logic.Interfaces", "Logic.Interfaces\Logic.Interfaces.csproj", "{8F43AE78-8C41-48CD-983F-E4C6CDEFA159}"
EndProject
Project("{9A19103F-16F7-4668-BE54-9A1E7A4F7556}") = "LogicFactory", "LogicFactory\LogicFactory.csproj", "{9A747CBD-F10B-4EF0-B77B-7B9B0B4E083F}"
EndProject
Project("{FAE04EC0-301F-11D3-BF4B-00C04F79EFBC}") = "DataFactory", "DataFactory\DataFactory.csproj", "{46F95F3C-60AE-4DD0-8B28-51A9C354E390}"
EndProject
Global
	GlobalSection(SolutionConfigurationPlatforms) = preSolution
		Debug|Any CPU = Debug|Any CPU
		Release|Any CPU = Release|Any CPU
	EndGlobalSection
	GlobalSection(ProjectConfigurationPlatforms) = postSolution
		{9B5B894A-E54E-4D34-95C3-69758C311582}.Debug|Any CPU.ActiveCfg = Debug|Any CPU
		{9B5B894A-E54E-4D34-95C3-69758C311582}.Debug|Any CPU.Build.0 = Debug|Any CPU
		{9B5B894A-E54E-4D34-95C3-69758C311582}.Release|Any CPU.ActiveCfg = Release|Any CPU
		{9B5B894A-E54E-4D34-95C3-69758C311582}.Release|Any CPU.Build.0 = Release|Any CPU
		{2215B027-DF95-4751-BD32-2B7F15FE540F}.Debug|Any CPU.ActiveCfg = Debug|Any CPU
		{2215B027-DF95-4751-BD32-2B7F15FE540F}.Debug|Any CPU.Build.0 = Debug|Any CPU
		{2215B027-DF95-4751-BD32-2B7F15FE540F}.Release|Any CPU.ActiveCfg = Release|Any CPU
		{2215B027-DF95-4751-BD32-2B7F15FE540F}.Release|Any CPU.Build.0 = Release|Any CPU
		{27128F61-D7D2-4EB8-95EA-2879F85F3BF4}.Debug|Any CPU.ActiveCfg = Debug|Any CPU
		{27128F61-D7D2-4EB8-95EA-2879F85F3BF4}.Debug|Any CPU.Build.0 = Debug|Any CPU
		{27128F61-D7D2-4EB8-95EA-2879F85F3BF4}.Release|Any CPU.ActiveCfg = Release|Any CPU
		{27128F61-D7D2-4EB8-95EA-2879F85F3BF4}.Release|Any CPU.Build.0 = Release|Any CPU
		{AFE2964C-80CF-4DFF-A7A3-F4D2DAB47B5D}.Debug|Any CPU.ActiveCfg = Debug|Any CPU
		{AFE2964C-80CF-4DFF-A7A3-F4D2DAB47B5D}.Debug|Any CPU.Build.0 = Debug|Any CPU
		{AFE2964C-80CF-4DFF-A7A3-F4D2DAB47B5D}.Release|Any CPU.ActiveCfg = Release|Any CPU
		{AFE2964C-80CF-4DFF-A7A3-F4D2DAB47B5D}.Release|Any CPU.Build.0 = Release|Any CPU
		{100EBD37-B6CE-4688-BE8E-6A0B93E01488}.Debug|Any CPU.ActiveCfg = Debug|Any CPU
		{100EBD37-B6CE-4688-BE8E-6A0B93E01488}.Debug|Any CPU.Build.0 = Debug|Any CPU
		{100EBD37-B6CE-4688-BE8E-6A0B93E01488}.Release|Any CPU.ActiveCfg = Release|Any CPU
		{100EBD37-B6CE-4688-BE8E-6A0B93E01488}.Release|Any CPU.Build.0 = Release|Any CPU
		{AE08B9E2-4FB9-4E05-8A53-88746B3B7BE4}.Debug|Any CPU.ActiveCfg = Debug|Any CPU
		{AE08B9E2-4FB9-4E05-8A53-88746B3B7BE4}.Debug|Any CPU.Build.0 = Debug|Any CPU
		{AE08B9E2-4FB9-4E05-8A53-88746B3B7BE4}.Release|Any CPU.ActiveCfg = Release|Any CPU
		{AE08B9E2-4FB9-4E05-8A53-88746B3B7BE4}.Release|Any CPU.Build.0 = Release|Any CPU
		{8F43AE78-8C41-48CD-983F-E4C6CDEFA159}.Debug|Any CPU.ActiveCfg = Debug|Any CPU
		{8F43AE78-8C41-48CD-983F-E4C6CDEFA159}.Debug|Any CPU.Build.0 = Debug|Any CPU
		{8F43AE78-8C41-48CD-983F-E4C6CDEFA159}.Release|Any CPU.ActiveCfg = Release|Any CPU
		{8F43AE78-8C41-48CD-983F-E4C6CDEFA159}.Release|Any CPU.Build.0 = Release|Any CPU
		{9A747CBD-F10B-4EF0-B77B-7B9B0B4E083F}.Debug|Any CPU.ActiveCfg = Debug|Any CPU
		{9A747CBD-F10B-4EF0-B77B-7B9B0B4E083F}.Debug|Any CPU.Build.0 = Debug|Any CPU
		{9A747CBD-F10B-4EF0-B77B-7B9B0B4E083F}.Release|Any CPU.ActiveCfg = Release|Any CPU
		{9A747CBD-F10B-4EF0-B77B-7B9B0B4E083F}.Release|Any CPU.Build.0 = Release|Any CPU
		{46F95F3C-60AE-4DD0-8B28-51A9C354E390}.Debug|Any CPU.ActiveCfg = Debug|Any CPU
		{46F95F3C-60AE-4DD0-8B28-51A9C354E390}.Debug|Any CPU.Build.0 = Debug|Any CPU
		{46F95F3C-60AE-4DD0-8B28-51A9C354E390}.Release|Any CPU.ActiveCfg = Release|Any CPU
		{46F95F3C-60AE-4DD0-8B28-51A9C354E390}.Release|Any CPU.Build.0 = Release|Any CPU
	EndGlobalSection
	GlobalSection(SolutionProperties) = preSolution
		HideSolutionNode = FALSE
	EndGlobalSection
	GlobalSection(NestedProjects) = preSolution
		{AE08B9E2-4FB9-4E05-8A53-88746B3B7BE4} = {3697C3D0-10BC-4181-849C-E7131B96B58C}
	EndGlobalSection
	GlobalSection(ExtensibilityGlobals) = postSolution
		SolutionGuid = {27E87B11-3D47-459F-8EB2-6C1112E0CC0A}
	EndGlobalSection
EndGlobal
